
Microsoft Visual Studio Solution File, Format Version 12.00
Project("{FAE04EC0-301F-11D3-BF4B-00C04F79EFBC}") = "fizzbuzz", "fizzbuzz.csproj", "{F6171A4D-58ED-4B7B-A4FA-67B642944EEF}"
EndProject
Global
	GlobalSection(SolutionConfigurationPlatforms) = preSolution
		Debug|Any CPU = Debug|Any CPU
		Release|Any CPU = Release|Any CPU
	EndGlobalSection
	GlobalSection(ProjectConfigurationPlatforms) = postSolution
		{F6171A4D-58ED-4B7B-A4FA-67B642944EEF}.Debug|Any CPU.ActiveCfg = Debug|Any CPU
		{F6171A4D-58ED-4B7B-A4FA-67B642944EEF}.Debug|Any CPU.Build.0 = Debug|Any CPU
		{F6171A4D-58ED-4B7B-A4FA-67B642944EEF}.Release|Any CPU.ActiveCfg = Release|Any CPU
		{F6171A4D-58ED-4B7B-A4FA-67B642944EEF}.Release|Any CPU.Build.0 = Release|Any CPU
	EndGlobalSection
EndGlobal
